{
  "name": "libby-audiobook-exporter-browser-extension",
  "version": "1.0.0",
  "lockfileVersion": 3,
  "requires": true,
  "packages": {
    "": {
      "name": "libby-audiobook-exporter-browser-extension",
      "version": "1.0.0",
      "license": "ISC",
      "devDependencies": {
        "chrome-types": "^0.1.206"
      }
    },
    "node_modules/chrome-types": {
      "version": "0.1.206",
      "resolved": "https://registry.npmjs.org/chrome-types/-/chrome-types-0.1.206.tgz",
      "integrity": "sha512-bddCeZmHenD0qlpALKpCQnsbBUMCyE+K+eeu5Vd0A10+7S2ggNbPhXUFuxCiLAi5b7NO2TvjR8+BmF1ra8BYKw==",
      "dev": true
    }
  }
}
